// !$*UTF8*$!
{
	archiveVersion = 1;
	classes = {
	};
	objectVersion = 50;
	objects = {

/* Begin PBXBuildFile section */
		C03988602125AF5100FFDA7D /* Info.plist in Resources */ = {isa = PBXBuildFile; fileRef = C056F0FA2121A1AD007B6791 /* Info.plist */; };
		C056F1002121A1AD007B6791 /* VanillaConstraints.framework in Frameworks */ = {isa = PBXBuildFile; fileRef = C056F0F62121A1AD007B6791 /* VanillaConstraints.framework */; };
		C056F1052121A1AD007B6791 /* VanillaConstraintsTests.swift in Sources */ = {isa = PBXBuildFile; fileRef = C056F1042121A1AD007B6791 /* VanillaConstraintsTests.swift */; };
		C056F1122121A260007B6791 /* Constrainable.swift in Sources */ = {isa = PBXBuildFile; fileRef = C056F1112121A260007B6791 /* Constrainable.swift */; };
		C056F1142121A337007B6791 /* UIView+Constrainable.swift in Sources */ = {isa = PBXBuildFile; fileRef = C056F1132121A337007B6791 /* UIView+Constrainable.swift */; };
		C056F1182121A3D3007B6791 /* ConstraintRelation.swift in Sources */ = {isa = PBXBuildFile; fileRef = C056F1172121A3D3007B6791 /* ConstraintRelation.swift */; };
		C056F11A2121A4B4007B6791 /* VanillaConstraints.swift in Sources */ = {isa = PBXBuildFile; fileRef = C056F1192121A4B4007B6791 /* VanillaConstraints.swift */; };
		C056F11C2121A4FA007B6791 /* Extensions+NSLayoutXAxisAnchor.swift in Sources */ = {isa = PBXBuildFile; fileRef = C056F11B2121A4FA007B6791 /* Extensions+NSLayoutXAxisAnchor.swift */; };
		C056F11F2121A52E007B6791 /* Extensions+NSLayoutYAxisAnchor.swift in Sources */ = {isa = PBXBuildFile; fileRef = C056F11E2121A52E007B6791 /* Extensions+NSLayoutYAxisAnchor.swift */; };
		C056F1212121A553007B6791 /* Extensions+NSLayoutConstraint.swift in Sources */ = {isa = PBXBuildFile; fileRef = C056F1202121A553007B6791 /* Extensions+NSLayoutConstraint.swift */; };
		C056F1232121A5B4007B6791 /* Extensions+NSLayoutDimension.swift in Sources */ = {isa = PBXBuildFile; fileRef = C056F1222121A5B4007B6791 /* Extensions+NSLayoutDimension.swift */; };
		C056F1262121A695007B6791 /* Extensions+VanillaConstrainable.swift in Sources */ = {isa = PBXBuildFile; fileRef = C056F1252121A695007B6791 /* Extensions+VanillaConstrainable.swift */; };
/* End PBXBuildFile section */

/* Begin PBXContainerItemProxy section */
		C056F1012121A1AD007B6791 /* PBXContainerItemProxy */ = {
			isa = PBXContainerItemProxy;
			containerPortal = C056F0ED2121A1AD007B6791 /* Project object */;
			proxyType = 1;
			remoteGlobalIDString = C056F0F52121A1AD007B6791;
			remoteInfo = JDConstraints;
		};
/* End PBXContainerItemProxy section */

/* Begin PBXFileReference section */
		C056F0F62121A1AD007B6791 /* VanillaConstraints.framework */ = {isa = PBXFileReference; explicitFileType = wrapper.framework; includeInIndex = 0; path = VanillaConstraints.framework; sourceTree = BUILT_PRODUCTS_DIR; };
		C056F0FA2121A1AD007B6791 /* Info.plist */ = {isa = PBXFileReference; lastKnownFileType = text.plist.xml; name = Info.plist; path = /Users/jodi/Documents/Swift/JDConstraints/VanillaConstraints/Info.plist; sourceTree = "<absolute>"; };
		C056F0FF2121A1AD007B6791 /* VanillaConstraintsTests.xctest */ = {isa = PBXFileReference; explicitFileType = wrapper.cfbundle; includeInIndex = 0; path = VanillaConstraintsTests.xctest; sourceTree = BUILT_PRODUCTS_DIR; };
		C056F1042121A1AD007B6791 /* VanillaConstraintsTests.swift */ = {isa = PBXFileReference; lastKnownFileType = sourcecode.swift; path = VanillaConstraintsTests.swift; sourceTree = "<group>"; };
		C056F1062121A1AD007B6791 /* Info.plist */ = {isa = PBXFileReference; lastKnownFileType = text.plist.xml; path = Info.plist; sourceTree = "<group>"; };
		C056F1112121A260007B6791 /* Constrainable.swift */ = {isa = PBXFileReference; lastKnownFileType = sourcecode.swift; path = Constrainable.swift; sourceTree = "<group>"; };
		C056F1132121A337007B6791 /* UIView+Constrainable.swift */ = {isa = PBXFileReference; lastKnownFileType = sourcecode.swift; path = "UIView+Constrainable.swift"; sourceTree = "<group>"; };
		C056F1172121A3D3007B6791 /* ConstraintRelation.swift */ = {isa = PBXFileReference; lastKnownFileType = sourcecode.swift; path = ConstraintRelation.swift; sourceTree = "<group>"; };
		C056F1192121A4B4007B6791 /* VanillaConstraints.swift */ = {isa = PBXFileReference; lastKnownFileType = sourcecode.swift; path = VanillaConstraints.swift; sourceTree = "<group>"; };
		C056F11B2121A4FA007B6791 /* Extensions+NSLayoutXAxisAnchor.swift */ = {isa = PBXFileReference; lastKnownFileType = sourcecode.swift; path = "Extensions+NSLayoutXAxisAnchor.swift"; sourceTree = "<group>"; };
		C056F11E2121A52E007B6791 /* Extensions+NSLayoutYAxisAnchor.swift */ = {isa = PBXFileReference; lastKnownFileType = sourcecode.swift; path = "Extensions+NSLayoutYAxisAnchor.swift"; sourceTree = "<group>"; };
		C056F1202121A553007B6791 /* Extensions+NSLayoutConstraint.swift */ = {isa = PBXFileReference; lastKnownFileType = sourcecode.swift; path = "Extensions+NSLayoutConstraint.swift"; sourceTree = "<group>"; };
		C056F1222121A5B4007B6791 /* Extensions+NSLayoutDimension.swift */ = {isa = PBXFileReference; lastKnownFileType = sourcecode.swift; path = "Extensions+NSLayoutDimension.swift"; sourceTree = "<group>"; };
		C056F1252121A695007B6791 /* Extensions+VanillaConstrainable.swift */ = {isa = PBXFileReference; lastKnownFileType = sourcecode.swift; path = "Extensions+VanillaConstrainable.swift"; sourceTree = "<group>"; };
/* End PBXFileReference section */

/* Begin PBXFrameworksBuildPhase section */
		C056F0F22121A1AD007B6791 /* Frameworks */ = {
			isa = PBXFrameworksBuildPhase;
			buildActionMask = 2147483647;
			files = (
			);
			runOnlyForDeploymentPostprocessing = 0;
		};
		C056F0FC2121A1AD007B6791 /* Frameworks */ = {
			isa = PBXFrameworksBuildPhase;
			buildActionMask = 2147483647;
			files = (
				C056F1002121A1AD007B6791 /* VanillaConstraints.framework in Frameworks */,
			);
			runOnlyForDeploymentPostprocessing = 0;
		};
/* End PBXFrameworksBuildPhase section */

/* Begin PBXGroup section */
		C056F0EC2121A1AD007B6791 = {
			isa = PBXGroup;
			children = (
				C056F0F82121A1AD007B6791 /* VanillaConstraints */,
				C056F1032121A1AD007B6791 /* VanillaConstraintsTests */,
				C056F0F72121A1AD007B6791 /* Products */,
			);
			sourceTree = "<group>";
		};
		C056F0F72121A1AD007B6791 /* Products */ = {
			isa = PBXGroup;
			children = (
				C056F0F62121A1AD007B6791 /* VanillaConstraints.framework */,
				C056F0FF2121A1AD007B6791 /* VanillaConstraintsTests.xctest */,
			);
			name = Products;
			sourceTree = "<group>";
		};
		C056F0F82121A1AD007B6791 /* VanillaConstraints */ = {
			isa = PBXGroup;
			children = (
				C056F1102121A243007B6791 /* Source */,
				C056F0FA2121A1AD007B6791 /* Info.plist */,
			);
			path = VanillaConstraints;
			sourceTree = "<group>";
		};
		C056F1032121A1AD007B6791 /* VanillaConstraintsTests */ = {
			isa = PBXGroup;
			children = (
				C056F1042121A1AD007B6791 /* VanillaConstraintsTests.swift */,
				C056F1062121A1AD007B6791 /* Info.plist */,
			);
			path = VanillaConstraintsTests;
			sourceTree = "<group>";
		};
		C056F1102121A243007B6791 /* Source */ = {
			isa = PBXGroup;
			children = (
				C056F1112121A260007B6791 /* Constrainable.swift */,
				C056F1172121A3D3007B6791 /* ConstraintRelation.swift */,
				C056F1132121A337007B6791 /* UIView+Constrainable.swift */,
				C056F1192121A4B4007B6791 /* VanillaConstraints.swift */,
				C056F11B2121A4FA007B6791 /* Extensions+NSLayoutXAxisAnchor.swift */,
				C056F11E2121A52E007B6791 /* Extensions+NSLayoutYAxisAnchor.swift */,
				C056F1202121A553007B6791 /* Extensions+NSLayoutConstraint.swift */,
				C056F1222121A5B4007B6791 /* Extensions+NSLayoutDimension.swift */,
				C056F1252121A695007B6791 /* Extensions+VanillaConstrainable.swift */,
			);
			path = Source;
			sourceTree = "<group>";
		};
/* End PBXGroup section */

/* Begin PBXHeadersBuildPhase section */
		C056F0F32121A1AD007B6791 /* Headers */ = {
			isa = PBXHeadersBuildPhase;
			buildActionMask = 2147483647;
			files = (
			);
			runOnlyForDeploymentPostprocessing = 0;
		};
/* End PBXHeadersBuildPhase section */

/* Begin PBXNativeTarget section */
		C056F0F52121A1AD007B6791 /* VanillaConstraints */ = {
			isa = PBXNativeTarget;
			buildConfigurationList = C056F10A2121A1AD007B6791 /* Build configuration list for PBXNativeTarget "VanillaConstraints" */;
			buildPhases = (
				C056F0F12121A1AD007B6791 /* Sources */,
				C056F0F22121A1AD007B6791 /* Frameworks */,
				C056F0F32121A1AD007B6791 /* Headers */,
				C056F0F42121A1AD007B6791 /* Resources */,
			);
			buildRules = (
			);
			dependencies = (
			);
			name = VanillaConstraints;
			productName = JDConstraints;
			productReference = C056F0F62121A1AD007B6791 /* VanillaConstraints.framework */;
			productType = "com.apple.product-type.framework";
		};
		C056F0FE2121A1AD007B6791 /* VanillaConstraintsTests */ = {
			isa = PBXNativeTarget;
			buildConfigurationList = C056F10D2121A1AD007B6791 /* Build configuration list for PBXNativeTarget "VanillaConstraintsTests" */;
			buildPhases = (
				C056F0FB2121A1AD007B6791 /* Sources */,
				C056F0FC2121A1AD007B6791 /* Frameworks */,
				C056F0FD2121A1AD007B6791 /* Resources */,
			);
			buildRules = (
			);
			dependencies = (
				C056F1022121A1AD007B6791 /* PBXTargetDependency */,
			);
			name = VanillaConstraintsTests;
			productName = JDConstraintsTests;
			productReference = C056F0FF2121A1AD007B6791 /* VanillaConstraintsTests.xctest */;
			productType = "com.apple.product-type.bundle.unit-test";
		};
/* End PBXNativeTarget section */

/* Begin PBXProject section */
		C056F0ED2121A1AD007B6791 /* Project object */ = {
			isa = PBXProject;
			attributes = {
				LastSwiftUpdateCheck = 0940;
				LastUpgradeCheck = 0940;
				ORGANIZATIONNAME = "Joan Disho";
				TargetAttributes = {
					C056F0F52121A1AD007B6791 = {
						CreatedOnToolsVersion = 9.4.1;
						LastSwiftMigration = 0940;
					};
					C056F0FE2121A1AD007B6791 = {
						CreatedOnToolsVersion = 9.4.1;
					};
				};
			};
			buildConfigurationList = C056F0F02121A1AD007B6791 /* Build configuration list for PBXProject "VanillaConstraints" */;
			compatibilityVersion = "Xcode 9.3";
			developmentRegion = en;
			hasScannedForEncodings = 0;
			knownRegions = (
				en,
			);
			mainGroup = C056F0EC2121A1AD007B6791;
			productRefGroup = C056F0F72121A1AD007B6791 /* Products */;
			projectDirPath = "";
			projectRoot = "";
			targets = (
				C056F0F52121A1AD007B6791 /* VanillaConstraints */,
				C056F0FE2121A1AD007B6791 /* VanillaConstraintsTests */,
			);
		};
/* End PBXProject section */

/* Begin PBXResourcesBuildPhase section */
		C056F0F42121A1AD007B6791 /* Resources */ = {
			isa = PBXResourcesBuildPhase;
			buildActionMask = 2147483647;
			files = (
				C03988602125AF5100FFDA7D /* Info.plist in Resources */,
			);
			runOnlyForDeploymentPostprocessing = 0;
		};
		C056F0FD2121A1AD007B6791 /* Resources */ = {
			isa = PBXResourcesBuildPhase;
			buildActionMask = 2147483647;
			files = (
			);
			runOnlyForDeploymentPostprocessing = 0;
		};
/* End PBXResourcesBuildPhase section */

/* Begin PBXSourcesBuildPhase section */
		C056F0F12121A1AD007B6791 /* Sources */ = {
			isa = PBXSourcesBuildPhase;
			buildActionMask = 2147483647;
			files = (
				C056F11A2121A4B4007B6791 /* VanillaConstraints.swift in Sources */,
				C056F1232121A5B4007B6791 /* Extensions+NSLayoutDimension.swift in Sources */,
				C056F1262121A695007B6791 /* Extensions+VanillaConstrainable.swift in Sources */,
				C056F11C2121A4FA007B6791 /* Extensions+NSLayoutXAxisAnchor.swift in Sources */,
				C056F1212121A553007B6791 /* Extensions+NSLayoutConstraint.swift in Sources */,
				C056F1142121A337007B6791 /* UIView+Constrainable.swift in Sources */,
				C056F1182121A3D3007B6791 /* ConstraintRelation.swift in Sources */,
				C056F11F2121A52E007B6791 /* Extensions+NSLayoutYAxisAnchor.swift in Sources */,
				C056F1122121A260007B6791 /* Constrainable.swift in Sources */,
			);
			runOnlyForDeploymentPostprocessing = 0;
		};
		C056F0FB2121A1AD007B6791 /* Sources */ = {
			isa = PBXSourcesBuildPhase;
			buildActionMask = 2147483647;
			files = (
				C056F1052121A1AD007B6791 /* VanillaConstraintsTests.swift in Sources */,
			);
			runOnlyForDeploymentPostprocessing = 0;
		};
/* End PBXSourcesBuildPhase section */

/* Begin PBXTargetDependency section */
		C056F1022121A1AD007B6791 /* PBXTargetDependency */ = {
			isa = PBXTargetDependency;
			target = C056F0F52121A1AD007B6791 /* VanillaConstraints */;
			targetProxy = C056F1012121A1AD007B6791 /* PBXContainerItemProxy */;
		};
/* End PBXTargetDependency section */

/* Begin XCBuildConfiguration section */
		C056F1082121A1AD007B6791 /* Debug */ = {
			isa = XCBuildConfiguration;
			buildSettings = {
				ALWAYS_SEARCH_USER_PATHS = NO;
				CLANG_ANALYZER_NONNULL = YES;
				CLANG_ANALYZER_NUMBER_OBJECT_CONVERSION = YES_AGGRESSIVE;
				CLANG_CXX_LANGUAGE_STANDARD = "gnu++14";
				CLANG_CXX_LIBRARY = "libc++";
				CLANG_ENABLE_MODULES = YES;
				CLANG_ENABLE_OBJC_ARC = YES;
				CLANG_ENABLE_OBJC_WEAK = YES;
				CLANG_WARN_BLOCK_CAPTURE_AUTORELEASING = YES;
				CLANG_WARN_BOOL_CONVERSION = YES;
				CLANG_WARN_COMMA = YES;
				CLANG_WARN_CONSTANT_CONVERSION = YES;
				CLANG_WARN_DEPRECATED_OBJC_IMPLEMENTATIONS = YES;
				CLANG_WARN_DIRECT_OBJC_ISA_USAGE = YES_ERROR;
				CLANG_WARN_DOCUMENTATION_COMMENTS = YES;
				CLANG_WARN_EMPTY_BODY = YES;
				CLANG_WARN_ENUM_CONVERSION = YES;
				CLANG_WARN_INFINITE_RECURSION = YES;
				CLANG_WARN_INT_CONVERSION = YES;
				CLANG_WARN_NON_LITERAL_NULL_CONVERSION = YES;
				CLANG_WARN_OBJC_IMPLICIT_RETAIN_SELF = YES;
				CLANG_WARN_OBJC_LITERAL_CONVERSION = YES;
				CLANG_WARN_OBJC_ROOT_CLASS = YES_ERROR;
				CLANG_WARN_RANGE_LOOP_ANALYSIS = YES;
				CLANG_WARN_STRICT_PROTOTYPES = YES;
				CLANG_WARN_SUSPICIOUS_MOVE = YES;
				CLANG_WARN_UNGUARDED_AVAILABILITY = YES_AGGRESSIVE;
				CLANG_WARN_UNREACHABLE_CODE = YES;
				CLANG_WARN__DUPLICATE_METHOD_MATCH = YES;
				CODE_SIGN_IDENTITY = "iPhone Developer";
				COPY_PHASE_STRIP = NO;
				CURRENT_PROJECT_VERSION = 1;
				DEBUG_INFORMATION_FORMAT = dwarf;
				ENABLE_STRICT_OBJC_MSGSEND = YES;
				ENABLE_TESTABILITY = YES;
				GCC_C_LANGUAGE_STANDARD = gnu11;
				GCC_DYNAMIC_NO_PIC = NO;
				GCC_NO_COMMON_BLOCKS = YES;
				GCC_OPTIMIZATION_LEVEL = 0;
				GCC_PREPROCESSOR_DEFINITIONS = (
					"DEBUG=1",
					"$(inherited)",
				);
				GCC_WARN_64_TO_32_BIT_CONVERSION = YES;
				GCC_WARN_ABOUT_RETURN_TYPE = YES_ERROR;
				GCC_WARN_UNDECLARED_SELECTOR = YES;
				GCC_WARN_UNINITIALIZED_AUTOS = YES_AGGRESSIVE;
				GCC_WARN_UNUSED_FUNCTION = YES;
				GCC_WARN_UNUSED_VARIABLE = YES;
				IPHONEOS_DEPLOYMENT_TARGET = 11.4;
				MTL_ENABLE_DEBUG_INFO = YES;
				ONLY_ACTIVE_ARCH = YES;
				SDKROOT = iphoneos;
				SWIFT_ACTIVE_COMPILATION_CONDITIONS = DEBUG;
				SWIFT_OPTIMIZATION_LEVEL = "-Onone";
				VERSIONING_SYSTEM = "apple-generic";
				VERSION_INFO_PREFIX = "";
			};
			name = Debug;
		};
		C056F1092121A1AD007B6791 /* Release */ = {
			isa = XCBuildConfiguration;
			buildSettings = {
				ALWAYS_SEARCH_USER_PATHS = NO;
				CLANG_ANALYZER_NONNULL = YES;
				CLANG_ANALYZER_NUMBER_OBJECT_CONVERSION = YES_AGGRESSIVE;
				CLANG_CXX_LANGUAGE_STANDARD = "gnu++14";
				CLANG_CXX_LIBRARY = "libc++";
				CLANG_ENABLE_MODULES = YES;
				CLANG_ENABLE_OBJC_ARC = YES;
				CLANG_ENABLE_OBJC_WEAK = YES;
				CLANG_WARN_BLOCK_CAPTURE_AUTORELEASING = YES;
				CLANG_WARN_BOOL_CONVERSION = YES;
				CLANG_WARN_COMMA = YES;
				CLANG_WARN_CONSTANT_CONVERSION = YES;
				CLANG_WARN_DEPRECATED_OBJC_IMPLEMENTATIONS = YES;
				CLANG_WARN_DIRECT_OBJC_ISA_USAGE = YES_ERROR;
				CLANG_WARN_DOCUMENTATION_COMMENTS = YES;
				CLANG_WARN_EMPTY_BODY = YES;
				CLANG_WARN_ENUM_CONVERSION = YES;
				CLANG_WARN_INFINITE_RECURSION = YES;
				CLANG_WARN_INT_CONVERSION = YES;
				CLANG_WARN_NON_LITERAL_NULL_CONVERSION = YES;
				CLANG_WARN_OBJC_IMPLICIT_RETAIN_SELF = YES;
				CLANG_WARN_OBJC_LITERAL_CONVERSION = YES;
				CLANG_WARN_OBJC_ROOT_CLASS = YES_ERROR;
				CLANG_WARN_RANGE_LOOP_ANALYSIS = YES;
				CLANG_WARN_STRICT_PROTOTYPES = YES;
				CLANG_WARN_SUSPICIOUS_MOVE = YES;
				CLANG_WARN_UNGUARDED_AVAILABILITY = YES_AGGRESSIVE;
				CLANG_WARN_UNREACHABLE_CODE = YES;
				CLANG_WARN__DUPLICATE_METHOD_MATCH = YES;
				CODE_SIGN_IDENTITY = "iPhone Developer";
				COPY_PHASE_STRIP = NO;
				CURRENT_PROJECT_VERSION = 1;
				DEBUG_INFORMATION_FORMAT = "dwarf-with-dsym";
				ENABLE_NS_ASSERTIONS = NO;
				ENABLE_STRICT_OBJC_MSGSEND = YES;
				GCC_C_LANGUAGE_STANDARD = gnu11;
				GCC_NO_COMMON_BLOCKS = YES;
				GCC_WARN_64_TO_32_BIT_CONVERSION = YES;
				GCC_WARN_ABOUT_RETURN_TYPE = YES_ERROR;
				GCC_WARN_UNDECLARED_SELECTOR = YES;
				GCC_WARN_UNINITIALIZED_AUTOS = YES_AGGRESSIVE;
				GCC_WARN_UNUSED_FUNCTION = YES;
				GCC_WARN_UNUSED_VARIABLE = YES;
				IPHONEOS_DEPLOYMENT_TARGET = 11.4;
				MTL_ENABLE_DEBUG_INFO = NO;
				SDKROOT = iphoneos;
				SWIFT_COMPILATION_MODE = wholemodule;
				SWIFT_OPTIMIZATION_LEVEL = "-O";
				VALIDATE_PRODUCT = YES;
				VERSIONING_SYSTEM = "apple-generic";
				VERSION_INFO_PREFIX = "";
			};
			name = Release;
		};
		C056F10B2121A1AD007B6791 /* Debug */ = {
			isa = XCBuildConfiguration;
			buildSettings = {
				CLANG_ENABLE_MODULES = YES;
				CODE_SIGN_IDENTITY = "";
				CODE_SIGN_STYLE = Automatic;
				DEFINES_MODULE = YES;
				DEVELOPMENT_TEAM = YLLL7FKAFL;
				DYLIB_COMPATIBILITY_VERSION = 1;
				DYLIB_CURRENT_VERSION = 1;
				DYLIB_INSTALL_NAME_BASE = "@rpath";
				INFOPLIST_FILE = "$(SRCROOT)/VanillaConstraints/Info.plist";
				INSTALL_PATH = "$(LOCAL_LIBRARY_DIR)/Frameworks";
				LD_RUNPATH_SEARCH_PATHS = (
					"$(inherited)",
					"@executable_path/Frameworks",
					"@loader_path/Frameworks",
				);
				PRODUCT_BUNDLE_IDENTIFIER = disho.VanillaConstraints;
				PRODUCT_NAME = "$(TARGET_NAME:c99extidentifier)";
				SKIP_INSTALL = YES;
				SWIFT_OPTIMIZATION_LEVEL = "-Onone";
				SWIFT_VERSION = 4.0;
				TARGETED_DEVICE_FAMILY = "1,2";
			};
			name = Debug;
		};
		C056F10C2121A1AD007B6791 /* Release */ = {
			isa = XCBuildConfiguration;
			buildSettings = {
				CLANG_ENABLE_MODULES = YES;
				CODE_SIGN_IDENTITY = "";
				CODE_SIGN_STYLE = Automatic;
				DEFINES_MODULE = YES;
				DEVELOPMENT_TEAM = YLLL7FKAFL;
				DYLIB_COMPATIBILITY_VERSION = 1;
				DYLIB_CURRENT_VERSION = 1;
				DYLIB_INSTALL_NAME_BASE = "@rpath";
				INFOPLIST_FILE = "$(SRCROOT)/VanillaConstraints/Info.plist";
				INSTALL_PATH = "$(LOCAL_LIBRARY_DIR)/Frameworks";
				LD_RUNPATH_SEARCH_PATHS = (
					"$(inherited)",
					"@executable_path/Frameworks",
					"@loader_path/Frameworks",
				);
				PRODUCT_BUNDLE_IDENTIFIER = disho.VanillaConstraints;
				PRODUCT_NAME = "$(TARGET_NAME:c99extidentifier)";
				SKIP_INSTALL = YES;
				SWIFT_VERSION = 4.0;
				TARGETED_DEVICE_FAMILY = "1,2";
			};
			name = Release;
		};
		C056F10E2121A1AD007B6791 /* Debug */ = {
			isa = XCBuildConfiguration;
			buildSettings = {
				ALWAYS_EMBED_SWIFT_STANDARD_LIBRARIES = YES;
				CODE_SIGN_STYLE = Automatic;
				DEVELOPMENT_TEAM = YLLL7FKAFL;
				INFOPLIST_FILE = JDConstraintsTests/Info.plist;
				LD_RUNPATH_SEARCH_PATHS = (
					"$(inherited)",
					"@executable_path/Frameworks",
					"@loader_path/Frameworks",
				);
				PRODUCT_BUNDLE_IDENTIFIER = disho.JDConstraintsTests;
				PRODUCT_NAME = "$(TARGET_NAME)";
				SWIFT_VERSION = 4.0;
				TARGETED_DEVICE_FAMILY = "1,2";
			};
			name = Debug;
		};
		C056F10F2121A1AD007B6791 /* Release */ = {
			isa = XCBuildConfiguration;
			buildSettings = {
				ALWAYS_EMBED_SWIFT_STANDARD_LIBRARIES = YES;
				CODE_SIGN_STYLE = Automatic;
				DEVELOPMENT_TEAM = YLLL7FKAFL;
				INFOPLIST_FILE = JDConstraintsTests/Info.plist;
				LD_RUNPATH_SEARCH_PATHS = (
					"$(inherited)",
					"@executable_path/Frameworks",
					"@loader_path/Frameworks",
				);
				PRODUCT_BUNDLE_IDENTIFIER = disho.JDConstraintsTests;
				PRODUCT_NAME = "$(TARGET_NAME)";
				SWIFT_VERSION = 4.0;
				TARGETED_DEVICE_FAMILY = "1,2";
			};
			name = Release;
		};
/* End XCBuildConfiguration section */

/* Begin XCConfigurationList section */
		C056F0F02121A1AD007B6791 /* Build configuration list for PBXProject "VanillaConstraints" */ = {
			isa = XCConfigurationList;
			buildConfigurations = (
				C056F1082121A1AD007B6791 /* Debug */,
				C056F1092121A1AD007B6791 /* Release */,
			);
			defaultConfigurationIsVisible = 0;
			defaultConfigurationName = Release;
		};
		C056F10A2121A1AD007B6791 /* Build configuration list for PBXNativeTarget "VanillaConstraints" */ = {
			isa = XCConfigurationList;
			buildConfigurations = (
				C056F10B2121A1AD007B6791 /* Debug */,
				C056F10C2121A1AD007B6791 /* Release */,
			);
			defaultConfigurationIsVisible = 0;
			defaultConfigurationName = Release;
		};
		C056F10D2121A1AD007B6791 /* Build configuration list for PBXNativeTarget "VanillaConstraintsTests" */ = {
			isa = XCConfigurationList;
			buildConfigurations = (
				C056F10E2121A1AD007B6791 /* Debug */,
				C056F10F2121A1AD007B6791 /* Release */,
			);
			defaultConfigurationIsVisible = 0;
			defaultConfigurationName = Release;
		};
/* End XCConfigurationList section */
	};
	rootObject = C056F0ED2121A1AD007B6791 /* Project object */;
}
